<Solution>
  <Project Path="Common/Source/PluginName1.Common.csproj" />
  <Project Path="EnterpriseServer/Source/PluginName1.EnterpriseServer.csproj" />
  <Project Path="Portal/Source/PluginName1.Portal.csproj" />
  <Project Path="Server/AutoInstaller/Source/PluginName1.AutoInstaller.csproj" />
  <Project Path="Server/Source/PluginName1.Server.csproj" />
</Solution>
