<Solution>
  <Folder Name="/Items/">
    <File Path=".template.config/template.json" />
  </Folder>
  <Project Path="Common/Source/TechnitiumDNS.Common.csproj" />
  <Project Path="EnterpriseServer/Source/TechnitiumDNS.EnterpriseServer.csproj" />
  <Project Path="Portal/Source/TechnitiumDNS.Portal.csproj" />
  <Project Path="Server/AutoInstaller/Source/TechnitiumDNS.AutoInstaller.csproj" />
  <Project Path="Server/Source/TechnitiumDNS.Server.csproj" />
</Solution>
